
Microsoft Visual Studio Solution File, Format Version 12.00
# Visual Studio 2012
Project("{FAE04EC0-301F-11D3-BF4B-00C04F79EFBC}") = "BusinessServices", "BusinessServices\BusinessServices.csproj", "{BB79F6C2-0DC1-4A95-BEAA-AD0D00C57B90}"
EndProject
Project("{FAE04EC0-301F-11D3-BF4B-00C04F79EFBC}") = "BusinessTests", "BusinessTests\BusinessTests.csproj", "{7D471AA1-19F5-4699-9E6E-A382BDE1932C}"
EndProject
Global
	GlobalSection(SolutionConfigurationPlatforms) = preSolution
		Debug|Any CPU = Debug|Any CPU
		Release|Any CPU = Release|Any CPU
	EndGlobalSection
	GlobalSection(ProjectConfigurationPlatforms) = postSolution
		{BB79F6C2-0DC1-4A95-BEAA-AD0D00C57B90}.Debug|Any CPU.ActiveCfg = Debug|Any CPU
		{BB79F6C2-0DC1-4A95-BEAA-AD0D00C57B90}.Debug|Any CPU.Build.0 = Debug|Any CPU
		{BB79F6C2-0DC1-4A95-BEAA-AD0D00C57B90}.Release|Any CPU.ActiveCfg = Release|Any CPU
		{BB79F6C2-0DC1-4A95-BEAA-AD0D00C57B90}.Release|Any CPU.Build.0 = Release|Any CPU
		{7D471AA1-19F5-4699-9E6E-A382BDE1932C}.Debug|Any CPU.ActiveCfg = Debug|Any CPU
		{7D471AA1-19F5-4699-9E6E-A382BDE1932C}.Debug|Any CPU.Build.0 = Debug|Any CPU
		{7D471AA1-19F5-4699-9E6E-A382BDE1932C}.Release|Any CPU.ActiveCfg = Release|Any CPU
		{7D471AA1-19F5-4699-9E6E-A382BDE1932C}.Release|Any CPU.Build.0 = Release|Any CPU
	EndGlobalSection
EndGlobal
